
Microsoft Visual Studio Solution File, Format Version 12.00
# Visual Studio Version 17
VisualStudioVersion = 17.0.31903.59
MinimumVisualStudioVersion = 10.0.40219.1
Project("{F2A71F9B-5D33-465A-A702-920D77279786}") = "Day01", "Day01\Day01.fsproj", "{5DF4F628-14C1-4822-A931-2D348E0F7B53}"
EndProject
Project("{F2A71F9B-5D33-465A-A702-920D77279786}") = "Day02", "Day02\Day02.fsproj", "{F75CB57D-BFE5-4310-BDA4-D14541715C8F}"
EndProject
Project("{F2A71F9B-5D33-465A-A702-920D77279786}") = "Day03", "Day03\Day03.fsproj", "{17ADC774-5DAE-4156-B063-1BA8A51231C6}"
EndProject
Project("{F2A71F9B-5D33-465A-A702-920D77279786}") = "Day04", "Day04\Day04.fsproj", "{521D998E-8222-4076-96B0-68DD071CAFCE}"
EndProject
Project("{F2A71F9B-5D33-465A-A702-920D77279786}") = "Day05", "Day05\Day05.fsproj", "{849F5204-8C90-4EDB-9E76-AB5AD645F114}"
EndProject
Project("{F2A71F9B-5D33-465A-A702-920D77279786}") = "Day06", "Day06\Day06.fsproj", "{93FC8C18-1252-472F-89C5-E29504CAD9D3}"
EndProject
Project("{F2A71F9B-5D33-465A-A702-920D77279786}") = "Day07", "Day07\Day07.fsproj", "{9581905D-210D-407B-ABFC-CAE0BEB3CAE7}"
EndProject
Project("{F2A71F9B-5D33-465A-A702-920D77279786}") = "Day08", "Day08\Day08.fsproj", "{31177AFD-9EEC-4C1C-AEBD-2021FA36CCFA}"
EndProject
Project("{F2A71F9B-5D33-465A-A702-920D77279786}") = "Day09", "Day09\Day09.fsproj", "{63635722-8BD9-490B-AA02-33C806ACC614}"
EndProject
Project("{F2A71F9B-5D33-465A-A702-920D77279786}") = "Day10", "Day10\Day10.fsproj", "{14B7A837-F6ED-433F-9AF3-1AE87BE8750D}"
EndProject
Global
	GlobalSection(SolutionConfigurationPlatforms) = preSolution
		Debug|Any CPU = Debug|Any CPU
		Release|Any CPU = Release|Any CPU
	EndGlobalSection
	GlobalSection(SolutionProperties) = preSolution
		HideSolutionNode = FALSE
	EndGlobalSection
	GlobalSection(ProjectConfigurationPlatforms) = postSolution
		{5DF4F628-14C1-4822-A931-2D348E0F7B53}.Debug|Any CPU.ActiveCfg = Debug|Any CPU
		{5DF4F628-14C1-4822-A931-2D348E0F7B53}.Debug|Any CPU.Build.0 = Debug|Any CPU
		{5DF4F628-14C1-4822-A931-2D348E0F7B53}.Release|Any CPU.ActiveCfg = Release|Any CPU
		{5DF4F628-14C1-4822-A931-2D348E0F7B53}.Release|Any CPU.Build.0 = Release|Any CPU
		{F75CB57D-BFE5-4310-BDA4-D14541715C8F}.Debug|Any CPU.ActiveCfg = Debug|Any CPU
		{F75CB57D-BFE5-4310-BDA4-D14541715C8F}.Debug|Any CPU.Build.0 = Debug|Any CPU
		{F75CB57D-BFE5-4310-BDA4-D14541715C8F}.Release|Any CPU.ActiveCfg = Release|Any CPU
		{F75CB57D-BFE5-4310-BDA4-D14541715C8F}.Release|Any CPU.Build.0 = Release|Any CPU
		{17ADC774-5DAE-4156-B063-1BA8A51231C6}.Debug|Any CPU.ActiveCfg = Debug|Any CPU
		{17ADC774-5DAE-4156-B063-1BA8A51231C6}.Debug|Any CPU.Build.0 = Debug|Any CPU
		{17ADC774-5DAE-4156-B063-1BA8A51231C6}.Release|Any CPU.ActiveCfg = Release|Any CPU
		{17ADC774-5DAE-4156-B063-1BA8A51231C6}.Release|Any CPU.Build.0 = Release|Any CPU
		{521D998E-8222-4076-96B0-68DD071CAFCE}.Debug|Any CPU.ActiveCfg = Debug|Any CPU
		{521D998E-8222-4076-96B0-68DD071CAFCE}.Debug|Any CPU.Build.0 = Debug|Any CPU
		{521D998E-8222-4076-96B0-68DD071CAFCE}.Release|Any CPU.ActiveCfg = Release|Any CPU
		{521D998E-8222-4076-96B0-68DD071CAFCE}.Release|Any CPU.Build.0 = Release|Any CPU
		{849F5204-8C90-4EDB-9E76-AB5AD645F114}.Debug|Any CPU.ActiveCfg = Debug|Any CPU
		{849F5204-8C90-4EDB-9E76-AB5AD645F114}.Debug|Any CPU.Build.0 = Debug|Any CPU
		{849F5204-8C90-4EDB-9E76-AB5AD645F114}.Release|Any CPU.ActiveCfg = Release|Any CPU
		{849F5204-8C90-4EDB-9E76-AB5AD645F114}.Release|Any CPU.Build.0 = Release|Any CPU
		{93FC8C18-1252-472F-89C5-E29504CAD9D3}.Debug|Any CPU.ActiveCfg = Debug|Any CPU
		{93FC8C18-1252-472F-89C5-E29504CAD9D3}.Debug|Any CPU.Build.0 = Debug|Any CPU
		{93FC8C18-1252-472F-89C5-E29504CAD9D3}.Release|Any CPU.ActiveCfg = Release|Any CPU
		{93FC8C18-1252-472F-89C5-E29504CAD9D3}.Release|Any CPU.Build.0 = Release|Any CPU
		{9581905D-210D-407B-ABFC-CAE0BEB3CAE7}.Debug|Any CPU.ActiveCfg = Debug|Any CPU
		{9581905D-210D-407B-ABFC-CAE0BEB3CAE7}.Debug|Any CPU.Build.0 = Debug|Any CPU
		{9581905D-210D-407B-ABFC-CAE0BEB3CAE7}.Release|Any CPU.ActiveCfg = Release|Any CPU
		{9581905D-210D-407B-ABFC-CAE0BEB3CAE7}.Release|Any CPU.Build.0 = Release|Any CPU
		{31177AFD-9EEC-4C1C-AEBD-2021FA36CCFA}.Debug|Any CPU.ActiveCfg = Debug|Any CPU
		{31177AFD-9EEC-4C1C-AEBD-2021FA36CCFA}.Debug|Any CPU.Build.0 = Debug|Any CPU
		{31177AFD-9EEC-4C1C-AEBD-2021FA36CCFA}.Release|Any CPU.ActiveCfg = Release|Any CPU
		{31177AFD-9EEC-4C1C-AEBD-2021FA36CCFA}.Release|Any CPU.Build.0 = Release|Any CPU
		{63635722-8BD9-490B-AA02-33C806ACC614}.Debug|Any CPU.ActiveCfg = Debug|Any CPU
		{63635722-8BD9-490B-AA02-33C806ACC614}.Debug|Any CPU.Build.0 = Debug|Any CPU
		{63635722-8BD9-490B-AA02-33C806ACC614}.Release|Any CPU.ActiveCfg = Release|Any CPU
		{63635722-8BD9-490B-AA02-33C806ACC614}.Release|Any CPU.Build.0 = Release|Any CPU
		{14B7A837-F6ED-433F-9AF3-1AE87BE8750D}.Debug|Any CPU.ActiveCfg = Debug|Any CPU
		{14B7A837-F6ED-433F-9AF3-1AE87BE8750D}.Debug|Any CPU.Build.0 = Debug|Any CPU
		{14B7A837-F6ED-433F-9AF3-1AE87BE8750D}.Release|Any CPU.ActiveCfg = Release|Any CPU
		{14B7A837-F6ED-433F-9AF3-1AE87BE8750D}.Release|Any CPU.Build.0 = Release|Any CPU
	EndGlobalSection
EndGlobal
